// !$*UTF8*$!
{
	archiveVersion = 1;
	classes = {
	};
	objectVersion = 50;
	objects = {

/* Begin PBXBuildFile section */
		DD44162C245C9C4E006031B6 /* AppDelegate.swift in Sources */ = {isa = PBXBuildFile; fileRef = DD44162B245C9C4E006031B6 /* AppDelegate.swift */; };
		DD44162E245C9C4E006031B6 /* SceneDelegate.swift in Sources */ = {isa = PBXBuildFile; fileRef = DD44162D245C9C4E006031B6 /* SceneDelegate.swift */; };
		DD441630245C9C4E006031B6 /* ViewController.swift in Sources */ = {isa = PBXBuildFile; fileRef = DD44162F245C9C4E006031B6 /* ViewController.swift */; };
		DD441633245C9C4E006031B6 /* Main.storyboard in Resources */ = {isa = PBXBuildFile; fileRef = DD441631245C9C4E006031B6 /* Main.storyboard */; };
		DD441636245C9C4E006031B6 /* goalpost_app.xcdatamodeld in Sources */ = {isa = PBXBuildFile; fileRef = DD441634245C9C4E006031B6 /* goalpost_app.xcdatamodeld */; };
		DD441638245C9C4F006031B6 /* Assets.xcassets in Resources */ = {isa = PBXBuildFile; fileRef = DD441637245C9C4F006031B6 /* Assets.xcassets */; };
		DD44163B245C9C4F006031B6 /* LaunchScreen.storyboard in Resources */ = {isa = PBXBuildFile; fileRef = DD441639245C9C4F006031B6 /* LaunchScreen.storyboard */; };
/* End PBXBuildFile section */

/* Begin PBXFileReference section */
		DD441628245C9C4E006031B6 /* goalpost-app.app */ = {isa = PBXFileReference; explicitFileType = wrapper.application; includeInIndex = 0; path = "goalpost-app.app"; sourceTree = BUILT_PRODUCTS_DIR; };
		DD44162B245C9C4E006031B6 /* AppDelegate.swift */ = {isa = PBXFileReference; lastKnownFileType = sourcecode.swift; path = AppDelegate.swift; sourceTree = "<group>"; };
		DD44162D245C9C4E006031B6 /* SceneDelegate.swift */ = {isa = PBXFileReference; lastKnownFileType = sourcecode.swift; path = SceneDelegate.swift; sourceTree = "<group>"; };
		DD44162F245C9C4E006031B6 /* ViewController.swift */ = {isa = PBXFileReference; lastKnownFileType = sourcecode.swift; path = ViewController.swift; sourceTree = "<group>"; };
		DD441632245C9C4E006031B6 /* Base */ = {isa = PBXFileReference; lastKnownFileType = file.storyboard; name = Base; path = Base.lproj/Main.storyboard; sourceTree = "<group>"; };
		DD441635245C9C4E006031B6 /* goalpost_app.xcdatamodel */ = {isa = PBXFileReference; lastKnownFileType = wrapper.xcdatamodel; path = goalpost_app.xcdatamodel; sourceTree = "<group>"; };
		DD441637245C9C4F006031B6 /* Assets.xcassets */ = {isa = PBXFileReference; lastKnownFileType = folder.assetcatalog; path = Assets.xcassets; sourceTree = "<group>"; };
		DD44163A245C9C4F006031B6 /* Base */ = {isa = PBXFileReference; lastKnownFileType = file.storyboard; name = Base; path = Base.lproj/LaunchScreen.storyboard; sourceTree = "<group>"; };
		DD44163C245C9C4F006031B6 /* Info.plist */ = {isa = PBXFileReference; lastKnownFileType = text.plist.xml; path = Info.plist; sourceTree = "<group>"; };
/* End PBXFileReference section */

/* Begin PBXFrameworksBuildPhase section */
		DD441625245C9C4E006031B6 /* Frameworks */ = {
			isa = PBXFrameworksBuildPhase;
			buildActionMask = 2147483647;
			files = (
			);
			runOnlyForDeploymentPostprocessing = 0;
		};
/* End PBXFrameworksBuildPhase section */

/* Begin PBXGroup section */
		DD44161F245C9C4E006031B6 = {
			isa = PBXGroup;
			children = (
				DD44162A245C9C4E006031B6 /* goalpost-app */,
				DD441629245C9C4E006031B6 /* Products */,
			);
			sourceTree = "<group>";
		};
		DD441629245C9C4E006031B6 /* Products */ = {
			isa = PBXGroup;
			children = (
				DD441628245C9C4E006031B6 /* goalpost-app.app */,
			);
			name = Products;
			sourceTree = "<group>";
		};
		DD44162A245C9C4E006031B6 /* goalpost-app */ = {
			isa = PBXGroup;
			children = (
				DD44162B245C9C4E006031B6 /* AppDelegate.swift */,
				DD44162D245C9C4E006031B6 /* SceneDelegate.swift */,
				DD44162F245C9C4E006031B6 /* ViewController.swift */,
				DD441631245C9C4E006031B6 /* Main.storyboard */,
				DD441637245C9C4F006031B6 /* Assets.xcassets */,
				DD441639245C9C4F006031B6 /* LaunchScreen.storyboard */,
				DD44163C245C9C4F006031B6 /* Info.plist */,
				DD441634245C9C4E006031B6 /* goalpost_app.xcdatamodeld */,
			);
			path = "goalpost-app";
			sourceTree = "<group>";
		};
/* End PBXGroup section */

/* Begin PBXNativeTarget section */
		DD441627245C9C4E006031B6 /* goalpost-app */ = {
			isa = PBXNativeTarget;
			buildConfigurationList = DD44163F245C9C4F006031B6 /* Build configuration list for PBXNativeTarget "goalpost-app" */;
			buildPhases = (
				DD441624245C9C4E006031B6 /* Sources */,
				DD441625245C9C4E006031B6 /* Frameworks */,
				DD441626245C9C4E006031B6 /* Resources */,
			);
			buildRules = (
			);
			dependencies = (
			);
			name = "goalpost-app";
			productName = "goalpost-app";
			productReference = DD441628245C9C4E006031B6 /* goalpost-app.app */;
			productType = "com.apple.product-type.application";
		};
/* End PBXNativeTarget section */

/* Begin PBXProject section */
		DD441620245C9C4E006031B6 /* Project object */ = {
			isa = PBXProject;
			attributes = {
				LastSwiftUpdateCheck = 1140;
				LastUpgradeCheck = 1140;
				ORGANIZATIONNAME = "faisal badran";
				TargetAttributes = {
					DD441627245C9C4E006031B6 = {
						CreatedOnToolsVersion = 11.4.1;
					};
				};
			};
			buildConfigurationList = DD441623245C9C4E006031B6 /* Build configuration list for PBXProject "goalpost-app" */;
			compatibilityVersion = "Xcode 9.3";
			developmentRegion = en;
			hasScannedForEncodings = 0;
			knownRegions = (
				en,
				Base,
			);
			mainGroup = DD44161F245C9C4E006031B6;
			productRefGroup = DD441629245C9C4E006031B6 /* Products */;
			projectDirPath = "";
			projectRoot = "";
			targets = (
				DD441627245C9C4E006031B6 /* goalpost-app */,
			);
		};
/* End PBXProject section */

/* Begin PBXResourcesBuildPhase section */
		DD441626245C9C4E006031B6 /* Resources */ = {
			isa = PBXResourcesBuildPhase;
			buildActionMask = 2147483647;
			files = (
				DD44163B245C9C4F006031B6 /* LaunchScreen.storyboard in Resources */,
				DD441638245C9C4F006031B6 /* Assets.xcassets in Resources */,
				DD441633245C9C4E006031B6 /* Main.storyboard in Resources */,
			);
			runOnlyForDeploymentPostprocessing = 0;
		};
/* End PBXResourcesBuildPhase section */

/* Begin PBXSourcesBuildPhase section */
		DD441624245C9C4E006031B6 /* Sources */ = {
			isa = PBXSourcesBuildPhase;
			buildActionMask = 2147483647;
			files = (
				DD441630245C9C4E006031B6 /* ViewController.swift in Sources */,
				DD44162C245C9C4E006031B6 /* AppDelegate.swift in Sources */,
				DD441636245C9C4E006031B6 /* goalpost_app.xcdatamodeld in Sources */,
				DD44162E245C9C4E006031B6 /* SceneDelegate.swift in Sources */,
			);
			runOnlyForDeploymentPostprocessing = 0;
		};
/* End PBXSourcesBuildPhase section */

/* Begin PBXVariantGroup section */
		DD441631245C9C4E006031B6 /* Main.storyboard */ = {
			isa = PBXVariantGroup;
			children = (
				DD441632245C9C4E006031B6 /* Base */,
			);
			name = Main.storyboard;
			sourceTree = "<group>";
		};
		DD441639245C9C4F006031B6 /* LaunchScreen.storyboard */ = {
			isa = PBXVariantGroup;
			children = (
				DD44163A245C9C4F006031B6 /* Base */,
			);
			name = LaunchScreen.storyboard;
			sourceTree = "<group>";
		};
/* End PBXVariantGroup section */

/* Begin XCBuildConfiguration section */
		DD44163D245C9C4F006031B6 /* Debug */ = {
			isa = XCBuildConfiguration;
			buildSettings = {
				ALWAYS_SEARCH_USER_PATHS = NO;
				CLANG_ANALYZER_NONNULL = YES;
				CLANG_ANALYZER_NUMBER_OBJECT_CONVERSION = YES_AGGRESSIVE;
				CLANG_CXX_LANGUAGE_STANDARD = "gnu++14";
				CLANG_CXX_LIBRARY = "libc++";
				CLANG_ENABLE_MODULES = YES;
				CLANG_ENABLE_OBJC_ARC = YES;
				CLANG_ENABLE_OBJC_WEAK = YES;
				CLANG_WARN_BLOCK_CAPTURE_AUTORELEASING = YES;
				CLANG_WARN_BOOL_CONVERSION = YES;
				CLANG_WARN_COMMA = YES;
				CLANG_WARN_CONSTANT_CONVERSION = YES;
				CLANG_WARN_DEPRECATED_OBJC_IMPLEMENTATIONS = YES;
				CLANG_WARN_DIRECT_OBJC_ISA_USAGE = YES_ERROR;
				CLANG_WARN_DOCUMENTATION_COMMENTS = YES;
				CLANG_WARN_EMPTY_BODY = YES;
				CLANG_WARN_ENUM_CONVERSION = YES;
				CLANG_WARN_INFINITE_RECURSION = YES;
				CLANG_WARN_INT_CONVERSION = YES;
				CLANG_WARN_NON_LITERAL_NULL_CONVERSION = YES;
				CLANG_WARN_OBJC_IMPLICIT_RETAIN_SELF = YES;
				CLANG_WARN_OBJC_LITERAL_CONVERSION = YES;
				CLANG_WARN_OBJC_ROOT_CLASS = YES_ERROR;
				CLANG_WARN_RANGE_LOOP_ANALYSIS = YES;
				CLANG_WARN_STRICT_PROTOTYPES = YES;
				CLANG_WARN_SUSPICIOUS_MOVE = YES;
				CLANG_WARN_UNGUARDED_AVAILABILITY = YES_AGGRESSIVE;
				CLANG_WARN_UNREACHABLE_CODE = YES;
				CLANG_WARN__DUPLICATE_METHOD_MATCH = YES;
				COPY_PHASE_STRIP = NO;
				DEBUG_INFORMATION_FORMAT = dwarf;
				ENABLE_STRICT_OBJC_MSGSEND = YES;
				ENABLE_TESTABILITY = YES;
				GCC_C_LANGUAGE_STANDARD = gnu11;
				GCC_DYNAMIC_NO_PIC = NO;
				GCC_NO_COMMON_BLOCKS = YES;
				GCC_OPTIMIZATION_LEVEL = 0;
				GCC_PREPROCESSOR_DEFINITIONS = (
					"DEBUG=1",
					"$(inherited)",
				);
				GCC_WARN_64_TO_32_BIT_CONVERSION = YES;
				GCC_WARN_ABOUT_RETURN_TYPE = YES_ERROR;
				GCC_WARN_UNDECLARED_SELECTOR = YES;
				GCC_WARN_UNINITIALIZED_AUTOS = YES_AGGRESSIVE;
				GCC_WARN_UNUSED_FUNCTION = YES;
				GCC_WARN_UNUSED_VARIABLE = YES;
				IPHONEOS_DEPLOYMENT_TARGET = 13.4;
				MTL_ENABLE_DEBUG_INFO = INCLUDE_SOURCE;
				MTL_FAST_MATH = YES;
				ONLY_ACTIVE_ARCH = YES;
				SDKROOT = iphoneos;
				SWIFT_ACTIVE_COMPILATION_CONDITIONS = DEBUG;
				SWIFT_OPTIMIZATION_LEVEL = "-Onone";
			};
			name = Debug;
		};
		DD44163E245C9C4F006031B6 /* Release */ = {
			isa = XCBuildConfiguration;
			buildSettings = {
				ALWAYS_SEARCH_USER_PATHS = NO;
				CLANG_ANALYZER_NONNULL = YES;
				CLANG_ANALYZER_NUMBER_OBJECT_CONVERSION = YES_AGGRESSIVE;
				CLANG_CXX_LANGUAGE_STANDARD = "gnu++14";
				CLANG_CXX_LIBRARY = "libc++";
				CLANG_ENABLE_MODULES = YES;
				CLANG_ENABLE_OBJC_ARC = YES;
				CLANG_ENABLE_OBJC_WEAK = YES;
				CLANG_WARN_BLOCK_CAPTURE_AUTORELEASING = YES;
				CLANG_WARN_BOOL_CONVERSION = YES;
				CLANG_WARN_COMMA = YES;
				CLANG_WARN_CONSTANT_CONVERSION = YES;
				CLANG_WARN_DEPRECATED_OBJC_IMPLEMENTATIONS = YES;
				CLANG_WARN_DIRECT_OBJC_ISA_USAGE = YES_ERROR;
				CLANG_WARN_DOCUMENTATION_COMMENTS = YES;
				CLANG_WARN_EMPTY_BODY = YES;
				CLANG_WARN_ENUM_CONVERSION = YES;
				CLANG_WARN_INFINITE_RECURSION = YES;
				CLANG_WARN_INT_CONVERSION = YES;
				CLANG_WARN_NON_LITERAL_NULL_CONVERSION = YES;
				CLANG_WARN_OBJC_IMPLICIT_RETAIN_SELF = YES;
				CLANG_WARN_OBJC_LITERAL_CONVERSION = YES;
				CLANG_WARN_OBJC_ROOT_CLASS = YES_ERROR;
				CLANG_WARN_RANGE_LOOP_ANALYSIS = YES;
				CLANG_WARN_STRICT_PROTOTYPES = YES;
				CLANG_WARN_SUSPICIOUS_MOVE = YES;
				CLANG_WARN_UNGUARDED_AVAILABILITY = YES_AGGRESSIVE;
				CLANG_WARN_UNREACHABLE_CODE = YES;
				CLANG_WARN__DUPLICATE_METHOD_MATCH = YES;
				COPY_PHASE_STRIP = NO;
				DEBUG_INFORMATION_FORMAT = "dwarf-with-dsym";
				ENABLE_NS_ASSERTIONS = NO;
				ENABLE_STRICT_OBJC_MSGSEND = YES;
				GCC_C_LANGUAGE_STANDARD = gnu11;
				GCC_NO_COMMON_BLOCKS = YES;
				GCC_WARN_64_TO_32_BIT_CONVERSION = YES;
				GCC_WARN_ABOUT_RETURN_TYPE = YES_ERROR;
				GCC_WARN_UNDECLARED_SELECTOR = YES;
				GCC_WARN_UNINITIALIZED_AUTOS = YES_AGGRESSIVE;
				GCC_WARN_UNUSED_FUNCTION = YES;
				GCC_WARN_UNUSED_VARIABLE = YES;
				IPHONEOS_DEPLOYMENT_TARGET = 13.4;
				MTL_ENABLE_DEBUG_INFO = NO;
				MTL_FAST_MATH = YES;
				SDKROOT = iphoneos;
				SWIFT_COMPILATION_MODE = wholemodule;
				SWIFT_OPTIMIZATION_LEVEL = "-O";
				VALIDATE_PRODUCT = YES;
			};
			name = Release;
		};
		DD441640245C9C4F006031B6 /* Debug */ = {
			isa = XCBuildConfiguration;
			buildSettings = {
				ASSETCATALOG_COMPILER_APPICON_NAME = AppIcon;
				CODE_SIGN_STYLE = Automatic;
				DEVELOPMENT_TEAM = 4P9825CF5S;
				INFOPLIST_FILE = "goalpost-app/Info.plist";
				LD_RUNPATH_SEARCH_PATHS = (
					"$(inherited)",
					"@executable_path/Frameworks",
				);
				PRODUCT_BUNDLE_IDENTIFIER = "com.faisal.goalpost-app";
				PRODUCT_NAME = "$(TARGET_NAME)";
				SWIFT_VERSION = 5.0;
				TARGETED_DEVICE_FAMILY = "1,2";
			};
			name = Debug;
		};
		DD441641245C9C4F006031B6 /* Release */ = {
			isa = XCBuildConfiguration;
			buildSettings = {
				ASSETCATALOG_COMPILER_APPICON_NAME = AppIcon;
				CODE_SIGN_STYLE = Automatic;
				DEVELOPMENT_TEAM = 4P9825CF5S;
				INFOPLIST_FILE = "goalpost-app/Info.plist";
				LD_RUNPATH_SEARCH_PATHS = (
					"$(inherited)",
					"@executable_path/Frameworks",
				);
				PRODUCT_BUNDLE_IDENTIFIER = "com.faisal.goalpost-app";
				PRODUCT_NAME = "$(TARGET_NAME)";
				SWIFT_VERSION = 5.0;
				TARGETED_DEVICE_FAMILY = "1,2";
			};
			name = Release;
		};
/* End XCBuildConfiguration section */

/* Begin XCConfigurationList section */
		DD441623245C9C4E006031B6 /* Build configuration list for PBXProject "goalpost-app" */ = {
			isa = XCConfigurationList;
			buildConfigurations = (
				DD44163D245C9C4F006031B6 /* Debug */,
				DD44163E245C9C4F006031B6 /* Release */,
			);
			defaultConfigurationIsVisible = 0;
			defaultConfigurationName = Release;
		};
		DD44163F245C9C4F006031B6 /* Build configuration list for PBXNativeTarget "goalpost-app" */ = {
			isa = XCConfigurationList;
			buildConfigurations = (
				DD441640245C9C4F006031B6 /* Debug */,
				DD441641245C9C4F006031B6 /* Release */,
			);
			defaultConfigurationIsVisible = 0;
			defaultConfigurationName = Release;
		};
/* End XCConfigurationList section */

/* Begin XCVersionGroup section */
		DD441634245C9C4E006031B6 /* goalpost_app.xcdatamodeld */ = {
			isa = XCVersionGroup;
			children = (
				DD441635245C9C4E006031B6 /* goalpost_app.xcdatamodel */,
			);
			currentVersion = DD441635245C9C4E006031B6 /* goalpost_app.xcdatamodel */;
			path = goalpost_app.xcdatamodeld;
			sourceTree = "<group>";
			versionGroupType = wrapper.xcdatamodel;
		};
/* End XCVersionGroup section */
	};
	rootObject = DD441620245C9C4E006031B6 /* Project object */;
}
